// !$*UTF8*$!
{
	archiveVersion = 1;
	classes = {
	};
	objectVersion = 46;
	objects = {

/* Begin PBXBuildFile section */
		072D6F57142C06920027CDB6 /* Pilot.h in Headers */ = {isa = PBXBuildFile; fileRef = DB0C4742142BE08700086D0F /* Pilot.h */; settings = {ATTRIBUTES = (Public, ); }; };
		07CFECC1142D02360065A487 /* CoreData.framework in Frameworks */ = {isa = PBXBuildFile; fileRef = 07CFECC0142D02360065A487 /* CoreData.framework */; };
		DB005B9E142D0A950043E6BD /* UIKit.framework in Frameworks */ = {isa = PBXBuildFile; fileRef = DB06573F142C49C3002B2259 /* UIKit.framework */; };
		DB005B9F142D0A950043E6BD /* Foundation.framework in Frameworks */ = {isa = PBXBuildFile; fileRef = DB0C473D142BE08700086D0F /* Foundation.framework */; };
		DB005BA1142D0A950043E6BD /* CoreGraphics.framework in Frameworks */ = {isa = PBXBuildFile; fileRef = DB005BA0142D0A950043E6BD /* CoreGraphics.framework */; };
		DB005BA2142D0A950043E6BD /* CoreData.framework in Frameworks */ = {isa = PBXBuildFile; fileRef = 07CFECC0142D02360065A487 /* CoreData.framework */; };
		DB005BA8142D0A950043E6BD /* InfoPlist.strings in Resources */ = {isa = PBXBuildFile; fileRef = DB005BA6142D0A950043E6BD /* InfoPlist.strings */; };
		DB005BAA142D0A950043E6BD /* main.m in Sources */ = {isa = PBXBuildFile; fileRef = DB005BA9142D0A950043E6BD /* main.m */; };
		DB005BAE142D0A950043E6BD /* AppDelegate.m in Sources */ = {isa = PBXBuildFile; fileRef = DB005BAD142D0A950043E6BD /* AppDelegate.m */; };
		DB005BB1142D0A950043E6BD /* PilotTestApp.xcdatamodeld in Sources */ = {isa = PBXBuildFile; fileRef = DB005BAF142D0A950043E6BD /* PilotTestApp.xcdatamodeld */; };
		DB005BB9142D0AF60043E6BD /* libPilot.a in Frameworks */ = {isa = PBXBuildFile; fileRef = DB0C473A142BE08700086D0F /* libPilot.a */; };
		DB065740142C49C3002B2259 /* UIKit.framework in Frameworks */ = {isa = PBXBuildFile; fileRef = DB06573F142C49C3002B2259 /* UIKit.framework */; };
		DB065795142D0156002B2259 /* (null) in Headers */ = {isa = PBXBuildFile; settings = {ATTRIBUTES = (Public, ); }; };
		DB065796142D0156002B2259 /* (null) in Sources */ = {isa = PBXBuildFile; };
		DB0C473E142BE08700086D0F /* Foundation.framework in Frameworks */ = {isa = PBXBuildFile; fileRef = DB0C473D142BE08700086D0F /* Foundation.framework */; };
		DB0C4744142BE08700086D0F /* Pilot.m in Sources */ = {isa = PBXBuildFile; fileRef = DB0C4743142BE08700086D0F /* Pilot.m */; };
		DB0C474C142BE08700086D0F /* SenTestingKit.framework in Frameworks */ = {isa = PBXBuildFile; fileRef = DB0C474B142BE08700086D0F /* SenTestingKit.framework */; };
		DB0C474F142BE08700086D0F /* Foundation.framework in Frameworks */ = {isa = PBXBuildFile; fileRef = DB0C473D142BE08700086D0F /* Foundation.framework */; };
		DB0C4754142BE08700086D0F /* libPilot.a in Frameworks */ = {isa = PBXBuildFile; fileRef = DB0C473A142BE08700086D0F /* libPilot.a */; };
		DB0C475A142BE08700086D0F /* InfoPlist.strings in Resources */ = {isa = PBXBuildFile; fileRef = DB0C4758142BE08700086D0F /* InfoPlist.strings */; };
		DB0C475C142BE08700086D0F /* PilotTests.h in Resources */ = {isa = PBXBuildFile; fileRef = DB0C475B142BE08700086D0F /* PilotTests.h */; };
		DB0C475E142BE08700086D0F /* PilotTests.m in Sources */ = {isa = PBXBuildFile; fileRef = DB0C475D142BE08700086D0F /* PilotTests.m */; };
		DB0C4780142BF84600086D0F /* PTApplicationDelegate.h in Headers */ = {isa = PBXBuildFile; fileRef = DB0C477E142BF84600086D0F /* PTApplicationDelegate.h */; settings = {ATTRIBUTES = (Public, ); }; };
		DB0C4781142BF84600086D0F /* PTApplicationDelegate.m in Sources */ = {isa = PBXBuildFile; fileRef = DB0C477F142BF84600086D0F /* PTApplicationDelegate.m */; };
		DBC7C518142D2515003289ED /* PTTestViewController.h in Headers */ = {isa = PBXBuildFile; fileRef = DBC7C516142D2515003289ED /* PTTestViewController.h */; };
		DBC7C519142D2515003289ED /* PTTestViewController.m in Sources */ = {isa = PBXBuildFile; fileRef = DBC7C517142D2515003289ED /* PTTestViewController.m */; };
		DBC7C55C142D38AE003289ED /* PTObject.m in Sources */ = {isa = PBXBuildFile; fileRef = 07CFECC3142D02500065A487 /* PTObject.m */; };
		DBD7FBA8142D15D800EC22F9 /* BlueObject.h in Headers */ = {isa = PBXBuildFile; fileRef = DBD7FBA6142D15D800EC22F9 /* BlueObject.h */; };
		DBD7FBA9142D15D800EC22F9 /* BlueObject.m in Sources */ = {isa = PBXBuildFile; fileRef = DBD7FBA7142D15D800EC22F9 /* BlueObject.m */; };
		DBD7FBAD142D15D900EC22F9 /* PTTestObject.h in Headers */ = {isa = PBXBuildFile; fileRef = DBD7FBAB142D15D900EC22F9 /* PTTestObject.h */; };
		DBD7FBAE142D15D900EC22F9 /* PTTestObject.m in Sources */ = {isa = PBXBuildFile; fileRef = DBD7FBAC142D15D900EC22F9 /* PTTestObject.m */; };
		DBD7FBB1142D15D900EC22F9 /* RedObject.h in Headers */ = {isa = PBXBuildFile; fileRef = DBD7FBAF142D15D900EC22F9 /* RedObject.h */; };
		DBD7FBB2142D15D900EC22F9 /* RedObject.m in Sources */ = {isa = PBXBuildFile; fileRef = DBD7FBB0142D15D900EC22F9 /* RedObject.m */; };
		DBD7FBB5142D15D900EC22F9 /* GreenObject.h in Headers */ = {isa = PBXBuildFile; fileRef = DBD7FBB3142D15D900EC22F9 /* GreenObject.h */; };
		DBD7FBB6142D15D900EC22F9 /* GreenObject.m in Sources */ = {isa = PBXBuildFile; fileRef = DBD7FBB4142D15D900EC22F9 /* GreenObject.m */; };
		DBD7FBB7142D160900EC22F9 /* PTObject.h in Headers */ = {isa = PBXBuildFile; fileRef = 07CFECC2142D02500065A487 /* PTObject.h */; settings = {ATTRIBUTES = (Public, ); }; };
		DBD7FBBB142D169A00EC22F9 /* RedObjectViewController.h in Headers */ = {isa = PBXBuildFile; fileRef = DBD7FBB9142D169A00EC22F9 /* RedObjectViewController.h */; };
		DBD7FBBC142D169A00EC22F9 /* RedObjectViewController.m in Sources */ = {isa = PBXBuildFile; fileRef = DBD7FBBA142D169A00EC22F9 /* RedObjectViewController.m */; };
		DBD7FBBF142D16C200EC22F9 /* BlueObjectViewController.h in Headers */ = {isa = PBXBuildFile; fileRef = DBD7FBBD142D16C200EC22F9 /* BlueObjectViewController.h */; };
		DBD7FBC0142D16C200EC22F9 /* BlueObjectViewController.m in Sources */ = {isa = PBXBuildFile; fileRef = DBD7FBBE142D16C200EC22F9 /* BlueObjectViewController.m */; };
		DBD7FBC3142D16D500EC22F9 /* GreenObjectViewController.h in Headers */ = {isa = PBXBuildFile; fileRef = DBD7FBC1142D16D500EC22F9 /* GreenObjectViewController.h */; };
		DBD7FBC4142D16D500EC22F9 /* GreenObjectViewController.m in Sources */ = {isa = PBXBuildFile; fileRef = DBD7FBC2142D16D500EC22F9 /* GreenObjectViewController.m */; };
		DBD7FBC7142D180300EC22F9 /* RootViewController.h in Headers */ = {isa = PBXBuildFile; fileRef = DBD7FBC5142D180300EC22F9 /* RootViewController.h */; };
		DBD7FBC8142D180300EC22F9 /* RootViewController.m in Sources */ = {isa = PBXBuildFile; fileRef = DBD7FBC6142D180300EC22F9 /* RootViewController.m */; };
/* End PBXBuildFile section */

/* Begin PBXContainerItemProxy section */
		DB005BB5142D0AE90043E6BD /* PBXContainerItemProxy */ = {
			isa = PBXContainerItemProxy;
			containerPortal = DB0C472F142BE04D00086D0F /* Project object */;
			proxyType = 1;
			remoteGlobalIDString = DB0C4739142BE08700086D0F;
			remoteInfo = Pilot;
		};
		DB005BB7142D0AE90043E6BD /* PBXContainerItemProxy */ = {
			isa = PBXContainerItemProxy;
			containerPortal = DB0C472F142BE04D00086D0F /* Project object */;
			proxyType = 1;
			remoteGlobalIDString = DB0C4749142BE08700086D0F;
			remoteInfo = PilotTests;
		};
		DB0C4752142BE08700086D0F /* PBXContainerItemProxy */ = {
			isa = PBXContainerItemProxy;
			containerPortal = DB0C472F142BE04D00086D0F /* Project object */;
			proxyType = 1;
			remoteGlobalIDString = DB0C4739142BE08700086D0F;
			remoteInfo = Pilot;
		};
/* End PBXContainerItemProxy section */

/* Begin PBXFileReference section */
		072D6F5E142C07CD0027CDB6 /* CoreFoundation.framework */ = {isa = PBXFileReference; lastKnownFileType = wrapper.framework; name = CoreFoundation.framework; path = System/Library/Frameworks/CoreFoundation.framework; sourceTree = SDKROOT; };
		07CFECC0142D02360065A487 /* CoreData.framework */ = {isa = PBXFileReference; lastKnownFileType = wrapper.framework; name = CoreData.framework; path = System/Library/Frameworks/CoreData.framework; sourceTree = SDKROOT; };
		07CFECC2142D02500065A487 /* PTObject.h */ = {isa = PBXFileReference; fileEncoding = 4; lastKnownFileType = sourcecode.c.h; path = PTObject.h; sourceTree = "<group>"; };
		07CFECC3142D02500065A487 /* PTObject.m */ = {isa = PBXFileReference; fileEncoding = 4; lastKnownFileType = sourcecode.c.objc; path = PTObject.m; sourceTree = "<group>"; };
		DB005B9C142D0A950043E6BD /* PilotTestApp.app */ = {isa = PBXFileReference; explicitFileType = wrapper.application; includeInIndex = 0; path = PilotTestApp.app; sourceTree = BUILT_PRODUCTS_DIR; };
		DB005BA0142D0A950043E6BD /* CoreGraphics.framework */ = {isa = PBXFileReference; lastKnownFileType = wrapper.framework; name = CoreGraphics.framework; path = System/Library/Frameworks/CoreGraphics.framework; sourceTree = SDKROOT; };
		DB005BA5142D0A950043E6BD /* PilotTestApp-Info.plist */ = {isa = PBXFileReference; lastKnownFileType = text.plist.xml; path = "PilotTestApp-Info.plist"; sourceTree = "<group>"; };
		DB005BA7142D0A950043E6BD /* en */ = {isa = PBXFileReference; lastKnownFileType = text.plist.strings; name = en; path = en.lproj/InfoPlist.strings; sourceTree = "<group>"; };
		DB005BA9142D0A950043E6BD /* main.m */ = {isa = PBXFileReference; lastKnownFileType = sourcecode.c.objc; path = main.m; sourceTree = "<group>"; };
		DB005BAB142D0A950043E6BD /* PilotTestApp-Prefix.pch */ = {isa = PBXFileReference; lastKnownFileType = sourcecode.c.h; path = "PilotTestApp-Prefix.pch"; sourceTree = "<group>"; };
		DB005BAC142D0A950043E6BD /* AppDelegate.h */ = {isa = PBXFileReference; lastKnownFileType = sourcecode.c.h; name = AppDelegate.h; path = Classes/AppDelegate.h; sourceTree = "<group>"; };
		DB005BAD142D0A950043E6BD /* AppDelegate.m */ = {isa = PBXFileReference; lastKnownFileType = sourcecode.c.objc; name = AppDelegate.m; path = Classes/AppDelegate.m; sourceTree = "<group>"; };
		DB005BB0142D0A950043E6BD /* PilotTestApp.xcdatamodel */ = {isa = PBXFileReference; lastKnownFileType = wrapper.xcdatamodel; path = PilotTestApp.xcdatamodel; sourceTree = "<group>"; };
		DB06573F142C49C3002B2259 /* UIKit.framework */ = {isa = PBXFileReference; lastKnownFileType = wrapper.framework; name = UIKit.framework; path = System/Library/Frameworks/UIKit.framework; sourceTree = SDKROOT; };
		DB0C473A142BE08700086D0F /* libPilot.a */ = {isa = PBXFileReference; explicitFileType = archive.ar; includeInIndex = 0; path = libPilot.a; sourceTree = BUILT_PRODUCTS_DIR; };
		DB0C473D142BE08700086D0F /* Foundation.framework */ = {isa = PBXFileReference; lastKnownFileType = wrapper.framework; name = Foundation.framework; path = System/Library/Frameworks/Foundation.framework; sourceTree = SDKROOT; };
		DB0C4741142BE08700086D0F /* Pilot-Prefix.pch */ = {isa = PBXFileReference; lastKnownFileType = sourcecode.c.h; path = "Pilot-Prefix.pch"; sourceTree = "<group>"; };
		DB0C4742142BE08700086D0F /* Pilot.h */ = {isa = PBXFileReference; lastKnownFileType = sourcecode.c.h; path = Pilot.h; sourceTree = "<group>"; };
		DB0C4743142BE08700086D0F /* Pilot.m */ = {isa = PBXFileReference; lastKnownFileType = sourcecode.c.objc; path = Pilot.m; sourceTree = "<group>"; };
		DB0C474A142BE08700086D0F /* PilotTests.octest */ = {isa = PBXFileReference; explicitFileType = wrapper.cfbundle; includeInIndex = 0; path = PilotTests.octest; sourceTree = BUILT_PRODUCTS_DIR; };
		DB0C474B142BE08700086D0F /* SenTestingKit.framework */ = {isa = PBXFileReference; lastKnownFileType = wrapper.framework; name = SenTestingKit.framework; path = Library/Frameworks/SenTestingKit.framework; sourceTree = DEVELOPER_DIR; };
		DB0C4757142BE08700086D0F /* PilotTests-Info.plist */ = {isa = PBXFileReference; lastKnownFileType = text.plist.xml; path = "PilotTests-Info.plist"; sourceTree = "<group>"; };
		DB0C4759142BE08700086D0F /* en */ = {isa = PBXFileReference; lastKnownFileType = text.plist.strings; name = en; path = en.lproj/InfoPlist.strings; sourceTree = "<group>"; };
		DB0C475B142BE08700086D0F /* PilotTests.h */ = {isa = PBXFileReference; lastKnownFileType = sourcecode.c.h; path = PilotTests.h; sourceTree = "<group>"; };
		DB0C475D142BE08700086D0F /* PilotTests.m */ = {isa = PBXFileReference; lastKnownFileType = sourcecode.c.objc; path = PilotTests.m; sourceTree = "<group>"; };
		DB0C477E142BF84600086D0F /* PTApplicationDelegate.h */ = {isa = PBXFileReference; fileEncoding = 4; lastKnownFileType = sourcecode.c.h; path = PTApplicationDelegate.h; sourceTree = "<group>"; };
		DB0C477F142BF84600086D0F /* PTApplicationDelegate.m */ = {isa = PBXFileReference; fileEncoding = 4; lastKnownFileType = sourcecode.c.objc; path = PTApplicationDelegate.m; sourceTree = "<group>"; };
		DBC7C516142D2515003289ED /* PTTestViewController.h */ = {isa = PBXFileReference; fileEncoding = 4; lastKnownFileType = sourcecode.c.h; name = PTTestViewController.h; path = Classes/PTTestViewController.h; sourceTree = "<group>"; };
		DBC7C517142D2515003289ED /* PTTestViewController.m */ = {isa = PBXFileReference; fileEncoding = 4; lastKnownFileType = sourcecode.c.objc; name = PTTestViewController.m; path = Classes/PTTestViewController.m; sourceTree = "<group>"; };
		DBD7FBA6142D15D800EC22F9 /* BlueObject.h */ = {isa = PBXFileReference; fileEncoding = 4; lastKnownFileType = sourcecode.c.h; name = BlueObject.h; path = Classes/BlueObject.h; sourceTree = "<group>"; };
		DBD7FBA7142D15D800EC22F9 /* BlueObject.m */ = {isa = PBXFileReference; fileEncoding = 4; lastKnownFileType = sourcecode.c.objc; name = BlueObject.m; path = Classes/BlueObject.m; sourceTree = "<group>"; };
		DBD7FBAB142D15D900EC22F9 /* PTTestObject.h */ = {isa = PBXFileReference; fileEncoding = 4; lastKnownFileType = sourcecode.c.h; name = PTTestObject.h; path = Classes/PTTestObject.h; sourceTree = "<group>"; };
		DBD7FBAC142D15D900EC22F9 /* PTTestObject.m */ = {isa = PBXFileReference; fileEncoding = 4; lastKnownFileType = sourcecode.c.objc; name = PTTestObject.m; path = Classes/PTTestObject.m; sourceTree = "<group>"; };
		DBD7FBAF142D15D900EC22F9 /* RedObject.h */ = {isa = PBXFileReference; fileEncoding = 4; lastKnownFileType = sourcecode.c.h; name = RedObject.h; path = Classes/RedObject.h; sourceTree = "<group>"; };
		DBD7FBB0142D15D900EC22F9 /* RedObject.m */ = {isa = PBXFileReference; fileEncoding = 4; lastKnownFileType = sourcecode.c.objc; name = RedObject.m; path = Classes/RedObject.m; sourceTree = "<group>"; };
		DBD7FBB3142D15D900EC22F9 /* GreenObject.h */ = {isa = PBXFileReference; fileEncoding = 4; lastKnownFileType = sourcecode.c.h; name = GreenObject.h; path = Classes/GreenObject.h; sourceTree = "<group>"; };
		DBD7FBB4142D15D900EC22F9 /* GreenObject.m */ = {isa = PBXFileReference; fileEncoding = 4; lastKnownFileType = sourcecode.c.objc; name = GreenObject.m; path = Classes/GreenObject.m; sourceTree = "<group>"; };
		DBD7FBB9142D169A00EC22F9 /* RedObjectViewController.h */ = {isa = PBXFileReference; fileEncoding = 4; lastKnownFileType = sourcecode.c.h; name = RedObjectViewController.h; path = Classes/RedObjectViewController.h; sourceTree = "<group>"; };
		DBD7FBBA142D169A00EC22F9 /* RedObjectViewController.m */ = {isa = PBXFileReference; fileEncoding = 4; lastKnownFileType = sourcecode.c.objc; name = RedObjectViewController.m; path = Classes/RedObjectViewController.m; sourceTree = "<group>"; };
		DBD7FBBD142D16C200EC22F9 /* BlueObjectViewController.h */ = {isa = PBXFileReference; fileEncoding = 4; lastKnownFileType = sourcecode.c.h; name = BlueObjectViewController.h; path = Classes/BlueObjectViewController.h; sourceTree = "<group>"; };
		DBD7FBBE142D16C200EC22F9 /* BlueObjectViewController.m */ = {isa = PBXFileReference; fileEncoding = 4; lastKnownFileType = sourcecode.c.objc; name = BlueObjectViewController.m; path = Classes/BlueObjectViewController.m; sourceTree = "<group>"; };
		DBD7FBC1142D16D500EC22F9 /* GreenObjectViewController.h */ = {isa = PBXFileReference; fileEncoding = 4; lastKnownFileType = sourcecode.c.h; name = GreenObjectViewController.h; path = Classes/GreenObjectViewController.h; sourceTree = "<group>"; };
		DBD7FBC2142D16D500EC22F9 /* GreenObjectViewController.m */ = {isa = PBXFileReference; fileEncoding = 4; lastKnownFileType = sourcecode.c.objc; name = GreenObjectViewController.m; path = Classes/GreenObjectViewController.m; sourceTree = "<group>"; };
		DBD7FBC5142D180300EC22F9 /* RootViewController.h */ = {isa = PBXFileReference; fileEncoding = 4; lastKnownFileType = sourcecode.c.h; name = RootViewController.h; path = Classes/RootViewController.h; sourceTree = "<group>"; };
		DBD7FBC6142D180300EC22F9 /* RootViewController.m */ = {isa = PBXFileReference; fileEncoding = 4; lastKnownFileType = sourcecode.c.objc; name = RootViewController.m; path = Classes/RootViewController.m; sourceTree = "<group>"; };
/* End PBXFileReference section */

/* Begin PBXFrameworksBuildPhase section */
		DB005B99142D0A950043E6BD /* Frameworks */ = {
			isa = PBXFrameworksBuildPhase;
			buildActionMask = 2147483647;
			files = (
				DB005BB9142D0AF60043E6BD /* libPilot.a in Frameworks */,
				DB005B9E142D0A950043E6BD /* UIKit.framework in Frameworks */,
				DB005B9F142D0A950043E6BD /* Foundation.framework in Frameworks */,
				DB005BA1142D0A950043E6BD /* CoreGraphics.framework in Frameworks */,
				DB005BA2142D0A950043E6BD /* CoreData.framework in Frameworks */,
			);
			runOnlyForDeploymentPostprocessing = 0;
		};
		DB0C4737142BE08700086D0F /* Frameworks */ = {
			isa = PBXFrameworksBuildPhase;
			buildActionMask = 2147483647;
			files = (
				07CFECC1142D02360065A487 /* CoreData.framework in Frameworks */,
				DB0C473E142BE08700086D0F /* Foundation.framework in Frameworks */,
			);
			runOnlyForDeploymentPostprocessing = 0;
		};
		DB0C4746142BE08700086D0F /* Frameworks */ = {
			isa = PBXFrameworksBuildPhase;
			buildActionMask = 2147483647;
			files = (
				DB065740142C49C3002B2259 /* UIKit.framework in Frameworks */,
				DB0C474C142BE08700086D0F /* SenTestingKit.framework in Frameworks */,
				DB0C474F142BE08700086D0F /* Foundation.framework in Frameworks */,
				DB0C4754142BE08700086D0F /* libPilot.a in Frameworks */,
			);
			runOnlyForDeploymentPostprocessing = 0;
		};
/* End PBXFrameworksBuildPhase section */

/* Begin PBXGroup section */
		DB005BA3142D0A950043E6BD /* PilotTestApp */ = {
			isa = PBXGroup;
			children = (
				DBD7FBB8142D166C00EC22F9 /* Classes */,
				DB005BAF142D0A950043E6BD /* PilotTestApp.xcdatamodeld */,
				DB005BA4142D0A950043E6BD /* Supporting Files */,
			);
			path = PilotTestApp;
			sourceTree = "<group>";
		};
		DB005BA4142D0A950043E6BD /* Supporting Files */ = {
			isa = PBXGroup;
			children = (
				DB005BA5142D0A950043E6BD /* PilotTestApp-Info.plist */,
				DB005BA6142D0A950043E6BD /* InfoPlist.strings */,
				DB005BA9142D0A950043E6BD /* main.m */,
				DB005BAB142D0A950043E6BD /* PilotTestApp-Prefix.pch */,
			);
			name = "Supporting Files";
			sourceTree = "<group>";
		};
		DB0C472D142BE04D00086D0F = {
			isa = PBXGroup;
			children = (
				DB0C473F142BE08700086D0F /* Pilot */,
				DB0C4755142BE08700086D0F /* PilotTests */,
				DB005BA3142D0A950043E6BD /* PilotTestApp */,
				DB0C473C142BE08700086D0F /* Frameworks */,
				DB0C473B142BE08700086D0F /* Products */,
			);
			sourceTree = "<group>";
		};
		DB0C473B142BE08700086D0F /* Products */ = {
			isa = PBXGroup;
			children = (
				DB0C473A142BE08700086D0F /* libPilot.a */,
				DB0C474A142BE08700086D0F /* PilotTests.octest */,
				DB005B9C142D0A950043E6BD /* PilotTestApp.app */,
			);
			name = Products;
			sourceTree = "<group>";
		};
		DB0C473C142BE08700086D0F /* Frameworks */ = {
			isa = PBXGroup;
			children = (
				07CFECC0142D02360065A487 /* CoreData.framework */,
				072D6F5E142C07CD0027CDB6 /* CoreFoundation.framework */,
				DB0C473D142BE08700086D0F /* Foundation.framework */,
				DB0C474B142BE08700086D0F /* SenTestingKit.framework */,
				DB06573F142C49C3002B2259 /* UIKit.framework */,
				DB005BA0142D0A950043E6BD /* CoreGraphics.framework */,
			);
			name = Frameworks;
			sourceTree = "<group>";
		};
		DB0C473F142BE08700086D0F /* Pilot */ = {
			isa = PBXGroup;
			children = (
				DB0C4742142BE08700086D0F /* Pilot.h */,
				DB0C4743142BE08700086D0F /* Pilot.m */,
				DB0C477E142BF84600086D0F /* PTApplicationDelegate.h */,
				DB0C477F142BF84600086D0F /* PTApplicationDelegate.m */,
				07CFECC2142D02500065A487 /* PTObject.h */,
				07CFECC3142D02500065A487 /* PTObject.m */,
				DB0C4740142BE08700086D0F /* Supporting Files */,
			);
			path = Pilot;
			sourceTree = "<group>";
		};
		DB0C4740142BE08700086D0F /* Supporting Files */ = {
			isa = PBXGroup;
			children = (
				DB0C4741142BE08700086D0F /* Pilot-Prefix.pch */,
			);
			name = "Supporting Files";
			sourceTree = "<group>";
		};
		DB0C4755142BE08700086D0F /* PilotTests */ = {
			isa = PBXGroup;
			children = (
				DB0C475B142BE08700086D0F /* PilotTests.h */,
				DB0C475D142BE08700086D0F /* PilotTests.m */,
				DB0C4756142BE08700086D0F /* Supporting Files */,
			);
			path = PilotTests;
			sourceTree = "<group>";
		};
		DB0C4756142BE08700086D0F /* Supporting Files */ = {
			isa = PBXGroup;
			children = (
				DB0C4757142BE08700086D0F /* PilotTests-Info.plist */,
				DB0C4758142BE08700086D0F /* InfoPlist.strings */,
			);
			name = "Supporting Files";
			sourceTree = "<group>";
		};
		DBD7FBB8142D166C00EC22F9 /* Classes */ = {
			isa = PBXGroup;
			children = (
				DB005BAC142D0A950043E6BD /* AppDelegate.h */,
				DB005BAD142D0A950043E6BD /* AppDelegate.m */,
				DBD7FBB3142D15D900EC22F9 /* GreenObject.h */,
				DBD7FBB4142D15D900EC22F9 /* GreenObject.m */,
				DBD7FBAF142D15D900EC22F9 /* RedObject.h */,
				DBD7FBB0142D15D900EC22F9 /* RedObject.m */,
				DBD7FBAB142D15D900EC22F9 /* PTTestObject.h */,
				DBD7FBAC142D15D900EC22F9 /* PTTestObject.m */,
				DBD7FBA6142D15D800EC22F9 /* BlueObject.h */,
				DBD7FBA7142D15D800EC22F9 /* BlueObject.m */,
				DBD7FBB9142D169A00EC22F9 /* RedObjectViewController.h */,
				DBD7FBBA142D169A00EC22F9 /* RedObjectViewController.m */,
				DBD7FBBD142D16C200EC22F9 /* BlueObjectViewController.h */,
				DBD7FBBE142D16C200EC22F9 /* BlueObjectViewController.m */,
				DBD7FBC1142D16D500EC22F9 /* GreenObjectViewController.h */,
				DBD7FBC2142D16D500EC22F9 /* GreenObjectViewController.m */,
				DBD7FBC5142D180300EC22F9 /* RootViewController.h */,
				DBD7FBC6142D180300EC22F9 /* RootViewController.m */,
				DBC7C516142D2515003289ED /* PTTestViewController.h */,
				DBC7C517142D2515003289ED /* PTTestViewController.m */,
			);
			name = Classes;
			sourceTree = "<group>";
		};
/* End PBXGroup section */

/* Begin PBXHeadersBuildPhase section */
		DB0C4738142BE08700086D0F /* Headers */ = {
			isa = PBXHeadersBuildPhase;
			buildActionMask = 2147483647;
			files = (
				DB0C4780142BF84600086D0F /* PTApplicationDelegate.h in Headers */,
				072D6F57142C06920027CDB6 /* Pilot.h in Headers */,
				DB065795142D0156002B2259 /* (null) in Headers */,
				DBD7FBA8142D15D800EC22F9 /* BlueObject.h in Headers */,
				DBD7FBAD142D15D900EC22F9 /* PTTestObject.h in Headers */,
				DBD7FBB1142D15D900EC22F9 /* RedObject.h in Headers */,
				DBD7FBB5142D15D900EC22F9 /* GreenObject.h in Headers */,
				DBD7FBB7142D160900EC22F9 /* PTObject.h in Headers */,
				DBD7FBBB142D169A00EC22F9 /* RedObjectViewController.h in Headers */,
				DBD7FBBF142D16C200EC22F9 /* BlueObjectViewController.h in Headers */,
				DBD7FBC3142D16D500EC22F9 /* GreenObjectViewController.h in Headers */,
				DBD7FBC7142D180300EC22F9 /* RootViewController.h in Headers */,
				DBC7C518142D2515003289ED /* PTTestViewController.h in Headers */,
			);
			runOnlyForDeploymentPostprocessing = 0;
		};
/* End PBXHeadersBuildPhase section */

/* Begin PBXNativeTarget section */
		DB005B9B142D0A950043E6BD /* PilotTestApp */ = {
			isa = PBXNativeTarget;
			buildConfigurationList = DB005BB2142D0A950043E6BD /* Build configuration list for PBXNativeTarget "PilotTestApp" */;
			buildPhases = (
				DB005B98142D0A950043E6BD /* Sources */,
				DB005B99142D0A950043E6BD /* Frameworks */,
				DB005B9A142D0A950043E6BD /* Resources */,
			);
			buildRules = (
			);
			dependencies = (
				DB005BB6142D0AE90043E6BD /* PBXTargetDependency */,
				DB005BB8142D0AE90043E6BD /* PBXTargetDependency */,
			);
			name = PilotTestApp;
			productName = PilotTestApp;
			productReference = DB005B9C142D0A950043E6BD /* PilotTestApp.app */;
			productType = "com.apple.product-type.application";
		};
		DB0C4739142BE08700086D0F /* Pilot */ = {
			isa = PBXNativeTarget;
			buildConfigurationList = DB0C475F142BE08700086D0F /* Build configuration list for PBXNativeTarget "Pilot" */;
			buildPhases = (
				DB0C4736142BE08700086D0F /* Sources */,
				DB0C4737142BE08700086D0F /* Frameworks */,
				DB0C4738142BE08700086D0F /* Headers */,
			);
			buildRules = (
			);
			dependencies = (
			);
			name = Pilot;
			productName = Pilot;
			productReference = DB0C473A142BE08700086D0F /* libPilot.a */;
			productType = "com.apple.product-type.library.static";
		};
		DB0C4749142BE08700086D0F /* PilotTests */ = {
			isa = PBXNativeTarget;
			buildConfigurationList = DB0C4762142BE08700086D0F /* Build configuration list for PBXNativeTarget "PilotTests" */;
			buildPhases = (
				DB0C4745142BE08700086D0F /* Sources */,
				DB0C4746142BE08700086D0F /* Frameworks */,
				DB0C4747142BE08700086D0F /* Resources */,
				DB0C4748142BE08700086D0F /* ShellScript */,
			);
			buildRules = (
			);
			dependencies = (
				DB0C4753142BE08700086D0F /* PBXTargetDependency */,
			);
			name = PilotTests;
			productName = PilotTests;
			productReference = DB0C474A142BE08700086D0F /* PilotTests.octest */;
			productType = "com.apple.product-type.bundle";
		};
/* End PBXNativeTarget section */

/* Begin PBXProject section */
		DB0C472F142BE04D00086D0F /* Project object */ = {
			isa = PBXProject;
			attributes = {
				LastUpgradeCheck = 0420;
				ORGANIZATIONNAME = Pilot;
			};
			buildConfigurationList = DB0C4732142BE04D00086D0F /* Build configuration list for PBXProject "Pilot" */;
			compatibilityVersion = "Xcode 3.2";
			developmentRegion = English;
			hasScannedForEncodings = 0;
			knownRegions = (
				en,
			);
			mainGroup = DB0C472D142BE04D00086D0F;
			productRefGroup = DB0C473B142BE08700086D0F /* Products */;
			projectDirPath = "";
			projectRoot = "";
			targets = (
				DB0C4739142BE08700086D0F /* Pilot */,
				DB0C4749142BE08700086D0F /* PilotTests */,
				DB005B9B142D0A950043E6BD /* PilotTestApp */,
			);
		};
/* End PBXProject section */

/* Begin PBXResourcesBuildPhase section */
		DB005B9A142D0A950043E6BD /* Resources */ = {
			isa = PBXResourcesBuildPhase;
			buildActionMask = 2147483647;
			files = (
				DB005BA8142D0A950043E6BD /* InfoPlist.strings in Resources */,
			);
			runOnlyForDeploymentPostprocessing = 0;
		};
		DB0C4747142BE08700086D0F /* Resources */ = {
			isa = PBXResourcesBuildPhase;
			buildActionMask = 2147483647;
			files = (
				DB0C475A142BE08700086D0F /* InfoPlist.strings in Resources */,
				DB0C475C142BE08700086D0F /* PilotTests.h in Resources */,
			);
			runOnlyForDeploymentPostprocessing = 0;
		};
/* End PBXResourcesBuildPhase section */

/* Begin PBXShellScriptBuildPhase section */
		DB0C4748142BE08700086D0F /* ShellScript */ = {
			isa = PBXShellScriptBuildPhase;
			buildActionMask = 2147483647;
			files = (
			);
			inputPaths = (
			);
			outputPaths = (
			);
			runOnlyForDeploymentPostprocessing = 0;
			shellPath = /bin/sh;
			shellScript = "# Run the unit tests in this test bundle.\n\"${SYSTEM_DEVELOPER_DIR}/Tools/RunUnitTests\"\n";
		};
/* End PBXShellScriptBuildPhase section */

/* Begin PBXSourcesBuildPhase section */
		DB005B98142D0A950043E6BD /* Sources */ = {
			isa = PBXSourcesBuildPhase;
			buildActionMask = 2147483647;
			files = (
				DB005BAA142D0A950043E6BD /* main.m in Sources */,
				DB005BAE142D0A950043E6BD /* AppDelegate.m in Sources */,
				DB005BB1142D0A950043E6BD /* PilotTestApp.xcdatamodeld in Sources */,
			);
			runOnlyForDeploymentPostprocessing = 0;
		};
		DB0C4736142BE08700086D0F /* Sources */ = {
			isa = PBXSourcesBuildPhase;
			buildActionMask = 2147483647;
			files = (
				DB0C4744142BE08700086D0F /* Pilot.m in Sources */,
				DB0C4781142BF84600086D0F /* PTApplicationDelegate.m in Sources */,
				DB065796142D0156002B2259 /* (null) in Sources */,
				DBD7FBA9142D15D800EC22F9 /* BlueObject.m in Sources */,
				DBD7FBAE142D15D900EC22F9 /* PTTestObject.m in Sources */,
				DBD7FBB2142D15D900EC22F9 /* RedObject.m in Sources */,
				DBD7FBB6142D15D900EC22F9 /* GreenObject.m in Sources */,
				DBD7FBBC142D169A00EC22F9 /* RedObjectViewController.m in Sources */,
				DBD7FBC0142D16C200EC22F9 /* BlueObjectViewController.m in Sources */,
				DBD7FBC4142D16D500EC22F9 /* GreenObjectViewController.m in Sources */,
				DBD7FBC8142D180300EC22F9 /* RootViewController.m in Sources */,
				DBC7C519142D2515003289ED /* PTTestViewController.m in Sources */,
				DBC7C55C142D38AE003289ED /* PTObject.m in Sources */,
			);
			runOnlyForDeploymentPostprocessing = 0;
		};
		DB0C4745142BE08700086D0F /* Sources */ = {
			isa = PBXSourcesBuildPhase;
			buildActionMask = 2147483647;
			files = (
				DB0C475E142BE08700086D0F /* PilotTests.m in Sources */,
			);
			runOnlyForDeploymentPostprocessing = 0;
		};
/* End PBXSourcesBuildPhase section */

/* Begin PBXTargetDependency section */
		DB005BB6142D0AE90043E6BD /* PBXTargetDependency */ = {
			isa = PBXTargetDependency;
			target = DB0C4739142BE08700086D0F /* Pilot */;
			targetProxy = DB005BB5142D0AE90043E6BD /* PBXContainerItemProxy */;
		};
		DB005BB8142D0AE90043E6BD /* PBXTargetDependency */ = {
			isa = PBXTargetDependency;
			target = DB0C4749142BE08700086D0F /* PilotTests */;
			targetProxy = DB005BB7142D0AE90043E6BD /* PBXContainerItemProxy */;
		};
		DB0C4753142BE08700086D0F /* PBXTargetDependency */ = {
			isa = PBXTargetDependency;
			target = DB0C4739142BE08700086D0F /* Pilot */;
			targetProxy = DB0C4752142BE08700086D0F /* PBXContainerItemProxy */;
		};
/* End PBXTargetDependency section */

/* Begin PBXVariantGroup section */
		DB005BA6142D0A950043E6BD /* InfoPlist.strings */ = {
			isa = PBXVariantGroup;
			children = (
				DB005BA7142D0A950043E6BD /* en */,
			);
			name = InfoPlist.strings;
			sourceTree = "<group>";
		};
		DB0C4758142BE08700086D0F /* InfoPlist.strings */ = {
			isa = PBXVariantGroup;
			children = (
				DB0C4759142BE08700086D0F /* en */,
			);
			name = InfoPlist.strings;
			sourceTree = "<group>";
		};
/* End PBXVariantGroup section */

/* Begin XCBuildConfiguration section */
		DB005BB3142D0A950043E6BD /* Debug */ = {
			isa = XCBuildConfiguration;
			buildSettings = {
				ALWAYS_SEARCH_USER_PATHS = NO;
				ARCHS = "$(ARCHS_STANDARD_32_BIT)";
				"CODE_SIGN_IDENTITY[sdk=iphoneos*]" = "iPhone Developer";
				COPY_PHASE_STRIP = NO;
				GCC_C_LANGUAGE_STANDARD = gnu99;
				GCC_DYNAMIC_NO_PIC = NO;
				GCC_OPTIMIZATION_LEVEL = 0;
				GCC_PRECOMPILE_PREFIX_HEADER = YES;
				GCC_PREFIX_HEADER = "PilotTestApp/PilotTestApp-Prefix.pch";
				GCC_PREPROCESSOR_DEFINITIONS = (
					"DEBUG=1",
					"$(inherited)",
				);
				GCC_SYMBOLS_PRIVATE_EXTERN = NO;
				GCC_VERSION = com.apple.compilers.llvm.clang.1_0;
				GCC_WARN_ABOUT_MISSING_PROTOTYPES = YES;
				GCC_WARN_ABOUT_RETURN_TYPE = YES;
				GCC_WARN_UNUSED_VARIABLE = YES;
				INFOPLIST_FILE = "PilotTestApp/PilotTestApp-Info.plist";
				IPHONEOS_DEPLOYMENT_TARGET = 5.0;
				OTHER_LDFLAGS = "-ObjC";
				PRODUCT_NAME = "$(TARGET_NAME)";
				WRAPPER_EXTENSION = app;
			};
			name = Debug;
		};
		DB005BB4142D0A950043E6BD /* Release */ = {
			isa = XCBuildConfiguration;
			buildSettings = {
				ALWAYS_SEARCH_USER_PATHS = NO;
				ARCHS = "$(ARCHS_STANDARD_32_BIT)";
				"CODE_SIGN_IDENTITY[sdk=iphoneos*]" = "iPhone Developer";
				COPY_PHASE_STRIP = YES;
				GCC_C_LANGUAGE_STANDARD = gnu99;
				GCC_PRECOMPILE_PREFIX_HEADER = YES;
				GCC_PREFIX_HEADER = "PilotTestApp/PilotTestApp-Prefix.pch";
				GCC_VERSION = com.apple.compilers.llvm.clang.1_0;
				GCC_WARN_ABOUT_MISSING_PROTOTYPES = YES;
				GCC_WARN_ABOUT_RETURN_TYPE = YES;
				GCC_WARN_UNUSED_VARIABLE = YES;
				INFOPLIST_FILE = "PilotTestApp/PilotTestApp-Info.plist";
				IPHONEOS_DEPLOYMENT_TARGET = 5.0;
				OTHER_CFLAGS = "-DNS_BLOCK_ASSERTIONS=1";
				OTHER_LDFLAGS = "-ObjC";
				PRODUCT_NAME = "$(TARGET_NAME)";
				VALIDATE_PRODUCT = YES;
				WRAPPER_EXTENSION = app;
			};
			name = Release;
		};
		DB0C4734142BE04D00086D0F /* Debug */ = {
			isa = XCBuildConfiguration;
			buildSettings = {
				PRODUCT_NAME = Pilot;
				SDKROOT = iphoneos;
			};
			name = Debug;
		};
		DB0C4735142BE04D00086D0F /* Release */ = {
			isa = XCBuildConfiguration;
			buildSettings = {
				PRODUCT_NAME = Pilot;
				SDKROOT = iphoneos;
			};
			name = Release;
		};
		DB0C4760142BE08700086D0F /* Debug */ = {
			isa = XCBuildConfiguration;
			buildSettings = {
				ALWAYS_SEARCH_USER_PATHS = NO;
				ARCHS = "$(ARCHS_STANDARD_32_BIT)";
				COPY_PHASE_STRIP = NO;
				DSTROOT = /tmp/Pilot.dst;
				GCC_C_LANGUAGE_STANDARD = gnu99;
				GCC_DYNAMIC_NO_PIC = NO;
				GCC_OPTIMIZATION_LEVEL = 0;
				GCC_PRECOMPILE_PREFIX_HEADER = YES;
				GCC_PREFIX_HEADER = "Pilot/Pilot-Prefix.pch";
				GCC_PREPROCESSOR_DEFINITIONS = (
					"DEBUG=1",
					"$(inherited)",
				);
				GCC_SYMBOLS_PRIVATE_EXTERN = NO;
				GCC_VERSION = com.apple.compilers.llvm.clang.1_0;
				GCC_WARN_ABOUT_MISSING_PROTOTYPES = YES;
				GCC_WARN_ABOUT_RETURN_TYPE = YES;
				GCC_WARN_UNUSED_VARIABLE = YES;
				IPHONEOS_DEPLOYMENT_TARGET = 4.3;
				OTHER_LDFLAGS = "-ObjC";
				PRIVATE_HEADERS_FOLDER_PATH = include/Pilot/Private;
				PRODUCT_NAME = "$(TARGET_NAME)";
				PUBLIC_HEADERS_FOLDER_PATH = include/Pilot;
				SDKROOT = iphoneos;
				SKIP_INSTALL = YES;
			};
			name = Debug;
		};
		DB0C4761142BE08700086D0F /* Release */ = {
			isa = XCBuildConfiguration;
			buildSettings = {
				ALWAYS_SEARCH_USER_PATHS = NO;
				ARCHS = "$(ARCHS_STANDARD_32_BIT)";
				COPY_PHASE_STRIP = YES;
				DSTROOT = /tmp/Pilot.dst;
				GCC_C_LANGUAGE_STANDARD = gnu99;
				GCC_PRECOMPILE_PREFIX_HEADER = YES;
				GCC_PREFIX_HEADER = "Pilot/Pilot-Prefix.pch";
				GCC_VERSION = com.apple.compilers.llvm.clang.1_0;
				GCC_WARN_ABOUT_MISSING_PROTOTYPES = YES;
				GCC_WARN_ABOUT_RETURN_TYPE = YES;
				GCC_WARN_UNUSED_VARIABLE = YES;
				IPHONEOS_DEPLOYMENT_TARGET = 4.3;
				OTHER_LDFLAGS = "-ObjC";
				PRIVATE_HEADERS_FOLDER_PATH = include/Pilot/Private;
				PRODUCT_NAME = "$(TARGET_NAME)";
				PUBLIC_HEADERS_FOLDER_PATH = include/Pilot;
				SDKROOT = iphoneos;
				SKIP_INSTALL = YES;
				VALIDATE_PRODUCT = YES;
			};
			name = Release;
		};
		DB0C4763142BE08700086D0F /* Debug */ = {
			isa = XCBuildConfiguration;
			buildSettings = {
				ALWAYS_SEARCH_USER_PATHS = NO;
				ARCHS = "$(ARCHS_STANDARD_32_BIT)";
				COPY_PHASE_STRIP = NO;
				FRAMEWORK_SEARCH_PATHS = (
					"$(SDKROOT)/Developer/Library/Frameworks",
					"$(DEVELOPER_LIBRARY_DIR)/Frameworks",
				);
				GCC_C_LANGUAGE_STANDARD = gnu99;
				GCC_DYNAMIC_NO_PIC = NO;
				GCC_OPTIMIZATION_LEVEL = 0;
				GCC_PRECOMPILE_PREFIX_HEADER = YES;
				GCC_PREFIX_HEADER = "Pilot/Pilot-Prefix.pch";
				GCC_PREPROCESSOR_DEFINITIONS = (
					"DEBUG=1",
					"$(inherited)",
				);
				GCC_SYMBOLS_PRIVATE_EXTERN = NO;
				GCC_VERSION = com.apple.compilers.llvm.clang.1_0;
				GCC_WARN_ABOUT_MISSING_PROTOTYPES = YES;
				GCC_WARN_ABOUT_RETURN_TYPE = YES;
				GCC_WARN_UNUSED_VARIABLE = YES;
				INFOPLIST_FILE = "PilotTests/PilotTests-Info.plist";
				IPHONEOS_DEPLOYMENT_TARGET = 4.3;
				PRODUCT_NAME = "$(TARGET_NAME)";
				SDKROOT = iphoneos;
				WRAPPER_EXTENSION = octest;
			};
			name = Debug;
		};
		DB0C4764142BE08700086D0F /* Release */ = {
			isa = XCBuildConfiguration;
			buildSettings = {
				ALWAYS_SEARCH_USER_PATHS = NO;
				ARCHS = "$(ARCHS_STANDARD_32_BIT)";
				COPY_PHASE_STRIP = YES;
				FRAMEWORK_SEARCH_PATHS = (
					"$(SDKROOT)/Developer/Library/Frameworks",
					"$(DEVELOPER_LIBRARY_DIR)/Frameworks",
				);
				GCC_C_LANGUAGE_STANDARD = gnu99;
				GCC_PRECOMPILE_PREFIX_HEADER = YES;
				GCC_PREFIX_HEADER = "Pilot/Pilot-Prefix.pch";
				GCC_VERSION = com.apple.compilers.llvm.clang.1_0;
				GCC_WARN_ABOUT_MISSING_PROTOTYPES = YES;
				GCC_WARN_ABOUT_RETURN_TYPE = YES;
				GCC_WARN_UNUSED_VARIABLE = YES;
				INFOPLIST_FILE = "PilotTests/PilotTests-Info.plist";
				IPHONEOS_DEPLOYMENT_TARGET = 4.3;
				PRODUCT_NAME = "$(TARGET_NAME)";
				SDKROOT = iphoneos;
				VALIDATE_PRODUCT = YES;
				WRAPPER_EXTENSION = octest;
			};
			name = Release;
		};
/* End XCBuildConfiguration section */

/* Begin XCConfigurationList section */
		DB005BB2142D0A950043E6BD /* Build configuration list for PBXNativeTarget "PilotTestApp" */ = {
			isa = XCConfigurationList;
			buildConfigurations = (
				DB005BB3142D0A950043E6BD /* Debug */,
				DB005BB4142D0A950043E6BD /* Release */,
			);
			defaultConfigurationIsVisible = 0;
			defaultConfigurationName = Release;
		};
		DB0C4732142BE04D00086D0F /* Build configuration list for PBXProject "Pilot" */ = {
			isa = XCConfigurationList;
			buildConfigurations = (
				DB0C4734142BE04D00086D0F /* Debug */,
				DB0C4735142BE04D00086D0F /* Release */,
			);
			defaultConfigurationIsVisible = 0;
			defaultConfigurationName = Release;
		};
		DB0C475F142BE08700086D0F /* Build configuration list for PBXNativeTarget "Pilot" */ = {
			isa = XCConfigurationList;
			buildConfigurations = (
				DB0C4760142BE08700086D0F /* Debug */,
				DB0C4761142BE08700086D0F /* Release */,
			);
			defaultConfigurationIsVisible = 0;
			defaultConfigurationName = Release;
		};
		DB0C4762142BE08700086D0F /* Build configuration list for PBXNativeTarget "PilotTests" */ = {
			isa = XCConfigurationList;
			buildConfigurations = (
				DB0C4763142BE08700086D0F /* Debug */,
				DB0C4764142BE08700086D0F /* Release */,
			);
			defaultConfigurationIsVisible = 0;
			defaultConfigurationName = Release;
		};
/* End XCConfigurationList section */

/* Begin XCVersionGroup section */
		DB005BAF142D0A950043E6BD /* PilotTestApp.xcdatamodeld */ = {
			isa = XCVersionGroup;
			children = (
				DB005BB0142D0A950043E6BD /* PilotTestApp.xcdatamodel */,
			);
			currentVersion = DB005BB0142D0A950043E6BD /* PilotTestApp.xcdatamodel */;
			path = PilotTestApp.xcdatamodeld;
			sourceTree = "<group>";
			versionGroupType = wrapper.xcdatamodel;
		};
/* End XCVersionGroup section */
	};
	rootObject = DB0C472F142BE04D00086D0F /* Project object */;
}
